
Microsoft Visual Studio Solution File, Format Version 12.00
# Visual Studio 2013
VisualStudioVersion = 12.0.40629.0
MinimumVisualStudioVersion = 10.0.40219.1
Project("{FAE04EC0-301F-11D3-BF4B-00C04F79EFBC}") = "EC_C2C_BanQuanAo", "EC_C2C_BanQuanAo\EC_C2C_BanQuanAo.csproj", "{354EE1A8-23C8-4439-86D2-A127F6FA6908}"
EndProject
Global
	GlobalSection(SolutionConfigurationPlatforms) = preSolution
		Debug|Any CPU = Debug|Any CPU
		Release|Any CPU = Release|Any CPU
	EndGlobalSection
	GlobalSection(ProjectConfigurationPlatforms) = postSolution
		{354EE1A8-23C8-4439-86D2-A127F6FA6908}.Debug|Any CPU.ActiveCfg = Debug|Any CPU
		{354EE1A8-23C8-4439-86D2-A127F6FA6908}.Debug|Any CPU.Build.0 = Debug|Any CPU
		{354EE1A8-23C8-4439-86D2-A127F6FA6908}.Release|Any CPU.ActiveCfg = Release|Any CPU
		{354EE1A8-23C8-4439-86D2-A127F6FA6908}.Release|Any CPU.Build.0 = Release|Any CPU
	EndGlobalSection
	GlobalSection(SolutionProperties) = preSolution
		HideSolutionNode = FALSE
	EndGlobalSection
EndGlobal
